# This file was autogenerated by uv via the following command:
#    uv pip compile --python-version 3.10 --python-platform x86_64-manylinux_2_28 --only-binary :all: artifacts/trex_h100_handoff_20261004/overlay/requirements-data.txt -o artifacts/trex_h100_handoff_20261004/overlay/requirements-data-h100.lock
av==15.1.0
    # via -r artifacts/trex_h100_handoff_20261004/overlay/requirements-data.txt
cmeel==0.61.0
    # via
    #   cmeel-assimp
    #   cmeel-boost
    #   cmeel-console-bridge
    #   cmeel-octomap
    #   cmeel-qhull
    #   cmeel-tinyxml2
    #   cmeel-urdfdom
    #   cmeel-zlib
    #   coal
    #   eigenpy
    #   libcoal
    #   libpinocchio
    #   pin
cmeel-assimp==6.0.5
    # via
    #   coal
    #   libcoal
cmeel-boost==1.90.0
    # via
    #   coal
    #   eigenpy
    #   libcoal
    #   libpinocchio
    #   pin
cmeel-console-bridge==1.0.2.3
    # via cmeel-urdfdom
cmeel-octomap==1.10.0
    # via
    #   coal
    #   libcoal
cmeel-qhull==8.0.2.1
    # via
    #   coal
    #   libcoal
cmeel-tinyxml2==11.0.0
    # via cmeel-urdfdom
cmeel-urdfdom==6.0.0
    # via
    #   libpinocchio
    #   pin
cmeel-zlib==1.3.2
    # via cmeel-assimp
coal==3.0.3
    # via pin
editables==0.5
    # via -r artifacts/trex_h100_handoff_20261004/overlay/requirements-data.txt
eigenpy==3.13.0
    # via coal
hatchling==1.32.4
    # via -r artifacts/trex_h100_handoff_20261004/overlay/requirements-data.txt
libcoal==3.0.3
    # via
    #   coal
    #   libpinocchio
libpinocchio==4.0.0
    # via pin
numpy==2.2.6
    # via
    #   -r artifacts/trex_h100_handoff_20261004/overlay/requirements-data.txt
    #   cmeel-boost
    #   opencv-python-headless
opencv-python-headless==4.13.0.92
    # via -r artifacts/trex_h100_handoff_20261004/overlay/requirements-data.txt
packaging==26.3
    # via hatchling
pathspec==1.1.1
    # via hatchling
pin==4.0.0
    # via -r artifacts/trex_h100_handoff_20261004/overlay/requirements-data.txt
pluggy==1.6.0
    # via hatchling
pyarrow==20.0.0
    # via -r artifacts/trex_h100_handoff_20261004/overlay/requirements-data.txt
ruff==0.16.10
    # via -r artifacts/trex_h100_handoff_20261004/overlay/requirements-data.txt
tomli==2.4.1
    # via
    #   cmeel
    #   hatchling
tomlkit==0.15.1
    # via hatchling
trove-classifiers==2026.9.21.13
    # via hatchling
